// !$*UTF8*$!
{
	archiveVersion = 1;
	classes = {
	};
	objectVersion = 56;
	objects = {

/* Begin PBXBuildFile section */
		6D4AE73B2C016A0700EFD73C /* AppDelegate.swift in Sources */ = {isa = PBXBuildFile; fileRef = 6D4AE73A2C016A0700EFD73C /* AppDelegate.swift */; };
		6D4AE73D2C016A0700EFD73C /* SceneDelegate.swift in Sources */ = {isa = PBXBuildFile; fileRef = 6D4AE73C2C016A0700EFD73C /* SceneDelegate.swift */; };
		6D4AE73F2C016A0700EFD73C /* ViewController.swift in Sources */ = {isa = PBXBuildFile; fileRef = 6D4AE73E2C016A0700EFD73C /* ViewController.swift */; };
		6D4AE7422C016A0700EFD73C /* Main.storyboard in Resources */ = {isa = PBXBuildFile; fileRef = 6D4AE7402C016A0700EFD73C /* Main.storyboard */; };
		6D4AE7442C016A0900EFD73C /* Assets.xcassets in Resources */ = {isa = PBXBuildFile; fileRef = 6D4AE7432C016A0900EFD73C /* Assets.xcassets */; };
		6D4AE7472C016A0900EFD73C /* LaunchScreen.storyboard in Resources */ = {isa = PBXBuildFile; fileRef = 6D4AE7452C016A0900EFD73C /* LaunchScreen.storyboard */; };
		6D4AE7522C016A0900EFD73C /* UserInputTests.swift in Sources */ = {isa = PBXBuildFile; fileRef = 6D4AE7512C016A0900EFD73C /* UserInputTests.swift */; };
		6D4AE75C2C016A0900EFD73C /* UserInputUITests.swift in Sources */ = {isa = PBXBuildFile; fileRef = 6D4AE75B2C016A0900EFD73C /* UserInputUITests.swift */; };
		6D4AE75E2C016A0900EFD73C /* UserInputUITestsLaunchTests.swift in Sources */ = {isa = PBXBuildFile; fileRef = 6D4AE75D2C016A0900EFD73C /* UserInputUITestsLaunchTests.swift */; };
/* End PBXBuildFile section */

/* Begin PBXContainerItemProxy section */
		6D4AE74E2C016A0900EFD73C /* PBXContainerItemProxy */ = {
			isa = PBXContainerItemProxy;
			containerPortal = 6D4AE72F2C016A0700EFD73C /* Project object */;
			proxyType = 1;
			remoteGlobalIDString = 6D4AE7362C016A0700EFD73C;
			remoteInfo = UserInput;
		};
		6D4AE7582C016A0900EFD73C /* PBXContainerItemProxy */ = {
			isa = PBXContainerItemProxy;
			containerPortal = 6D4AE72F2C016A0700EFD73C /* Project object */;
			proxyType = 1;
			remoteGlobalIDString = 6D4AE7362C016A0700EFD73C;
			remoteInfo = UserInput;
		};
/* End PBXContainerItemProxy section */

/* Begin PBXFileReference section */
		6D4AE7372C016A0700EFD73C /* UserInput.app */ = {isa = PBXFileReference; explicitFileType = wrapper.application; includeInIndex = 0; path = UserInput.app; sourceTree = BUILT_PRODUCTS_DIR; };
		6D4AE73A2C016A0700EFD73C /* AppDelegate.swift */ = {isa = PBXFileReference; lastKnownFileType = sourcecode.swift; path = AppDelegate.swift; sourceTree = "<group>"; };
		6D4AE73C2C016A0700EFD73C /* SceneDelegate.swift */ = {isa = PBXFileReference; lastKnownFileType = sourcecode.swift; path = SceneDelegate.swift; sourceTree = "<group>"; };
		6D4AE73E2C016A0700EFD73C /* ViewController.swift */ = {isa = PBXFileReference; lastKnownFileType = sourcecode.swift; path = ViewController.swift; sourceTree = "<group>"; };
		6D4AE7412C016A0700EFD73C /* Base */ = {isa = PBXFileReference; lastKnownFileType = file.storyboard; name = Base; path = Base.lproj/Main.storyboard; sourceTree = "<group>"; };
		6D4AE7432C016A0900EFD73C /* Assets.xcassets */ = {isa = PBXFileReference; lastKnownFileType = folder.assetcatalog; path = Assets.xcassets; sourceTree = "<group>"; };
		6D4AE7462C016A0900EFD73C /* Base */ = {isa = PBXFileReference; lastKnownFileType = file.storyboard; name = Base; path = Base.lproj/LaunchScreen.storyboard; sourceTree = "<group>"; };
		6D4AE7482C016A0900EFD73C /* Info.plist */ = {isa = PBXFileReference; lastKnownFileType = text.plist.xml; path = Info.plist; sourceTree = "<group>"; };
		6D4AE74D2C016A0900EFD73C /* UserInputTests.xctest */ = {isa = PBXFileReference; explicitFileType = wrapper.cfbundle; includeInIndex = 0; path = UserInputTests.xctest; sourceTree = BUILT_PRODUCTS_DIR; };
		6D4AE7512C016A0900EFD73C /* UserInputTests.swift */ = {isa = PBXFileReference; lastKnownFileType = sourcecode.swift; path = UserInputTests.swift; sourceTree = "<group>"; };
		6D4AE7572C016A0900EFD73C /* UserInputUITests.xctest */ = {isa = PBXFileReference; explicitFileType = wrapper.cfbundle; includeInIndex = 0; path = UserInputUITests.xctest; sourceTree = BUILT_PRODUCTS_DIR; };
		6D4AE75B2C016A0900EFD73C /* UserInputUITests.swift */ = {isa = PBXFileReference; lastKnownFileType = sourcecode.swift; path = UserInputUITests.swift; sourceTree = "<group>"; };
		6D4AE75D2C016A0900EFD73C /* UserInputUITestsLaunchTests.swift */ = {isa = PBXFileReference; lastKnownFileType = sourcecode.swift; path = UserInputUITestsLaunchTests.swift; sourceTree = "<group>"; };
/* End PBXFileReference section */

/* Begin PBXFrameworksBuildPhase section */
		6D4AE7342C016A0700EFD73C /* Frameworks */ = {
			isa = PBXFrameworksBuildPhase;
			buildActionMask = 2147483647;
			files = (
			);
			runOnlyForDeploymentPostprocessing = 0;
		};
		6D4AE74A2C016A0900EFD73C /* Frameworks */ = {
			isa = PBXFrameworksBuildPhase;
			buildActionMask = 2147483647;
			files = (
			);
			runOnlyForDeploymentPostprocessing = 0;
		};
		6D4AE7542C016A0900EFD73C /* Frameworks */ = {
			isa = PBXFrameworksBuildPhase;
			buildActionMask = 2147483647;
			files = (
			);
			runOnlyForDeploymentPostprocessing = 0;
		};
/* End PBXFrameworksBuildPhase section */

/* Begin PBXGroup section */
		6D4AE72E2C016A0700EFD73C = {
			isa = PBXGroup;
			children = (
				6D4AE7392C016A0700EFD73C /* UserInput */,
				6D4AE7502C016A0900EFD73C /* UserInputTests */,
				6D4AE75A2C016A0900EFD73C /* UserInputUITests */,
				6D4AE7382C016A0700EFD73C /* Products */,
			);
			sourceTree = "<group>";
		};
		6D4AE7382C016A0700EFD73C /* Products */ = {
			isa = PBXGroup;
			children = (
				6D4AE7372C016A0700EFD73C /* UserInput.app */,
				6D4AE74D2C016A0900EFD73C /* UserInputTests.xctest */,
				6D4AE7572C016A0900EFD73C /* UserInputUITests.xctest */,
			);
			name = Products;
			sourceTree = "<group>";
		};
		6D4AE7392C016A0700EFD73C /* UserInput */ = {
			isa = PBXGroup;
			children = (
				6D4AE73A2C016A0700EFD73C /* AppDelegate.swift */,
				6D4AE73C2C016A0700EFD73C /* SceneDelegate.swift */,
				6D4AE73E2C016A0700EFD73C /* ViewController.swift */,
				6D4AE7402C016A0700EFD73C /* Main.storyboard */,
				6D4AE7432C016A0900EFD73C /* Assets.xcassets */,
				6D4AE7452C016A0900EFD73C /* LaunchScreen.storyboard */,
				6D4AE7482C016A0900EFD73C /* Info.plist */,
			);
			path = UserInput;
			sourceTree = "<group>";
		};
		6D4AE7502C016A0900EFD73C /* UserInputTests */ = {
			isa = PBXGroup;
			children = (
				6D4AE7512C016A0900EFD73C /* UserInputTests.swift */,
			);
			path = UserInputTests;
			sourceTree = "<group>";
		};
		6D4AE75A2C016A0900EFD73C /* UserInputUITests */ = {
			isa = PBXGroup;
			children = (
				6D4AE75B2C016A0900EFD73C /* UserInputUITests.swift */,
				6D4AE75D2C016A0900EFD73C /* UserInputUITestsLaunchTests.swift */,
			);
			path = UserInputUITests;
			sourceTree = "<group>";
		};
/* End PBXGroup section */

/* Begin PBXNativeTarget section */
		6D4AE7362C016A0700EFD73C /* UserInput */ = {
			isa = PBXNativeTarget;
			buildConfigurationList = 6D4AE7612C016A0900EFD73C /* Build configuration list for PBXNativeTarget "UserInput" */;
			buildPhases = (
				6D4AE7332C016A0700EFD73C /* Sources */,
				6D4AE7342C016A0700EFD73C /* Frameworks */,
				6D4AE7352C016A0700EFD73C /* Resources */,
			);
			buildRules = (
			);
			dependencies = (
			);
			name = UserInput;
			productName = UserInput;
			productReference = 6D4AE7372C016A0700EFD73C /* UserInput.app */;
			productType = "com.apple.product-type.application";
		};
		6D4AE74C2C016A0900EFD73C /* UserInputTests */ = {
			isa = PBXNativeTarget;
			buildConfigurationList = 6D4AE7642C016A0900EFD73C /* Build configuration list for PBXNativeTarget "UserInputTests" */;
			buildPhases = (
				6D4AE7492C016A0900EFD73C /* Sources */,
				6D4AE74A2C016A0900EFD73C /* Frameworks */,
				6D4AE74B2C016A0900EFD73C /* Resources */,
			);
			buildRules = (
			);
			dependencies = (
				6D4AE74F2C016A0900EFD73C /* PBXTargetDependency */,
			);
			name = UserInputTests;
			productName = UserInputTests;
			productReference = 6D4AE74D2C016A0900EFD73C /* UserInputTests.xctest */;
			productType = "com.apple.product-type.bundle.unit-test";
		};
		6D4AE7562C016A0900EFD73C /* UserInputUITests */ = {
			isa = PBXNativeTarget;
			buildConfigurationList = 6D4AE7672C016A0900EFD73C /* Build configuration list for PBXNativeTarget "UserInputUITests" */;
			buildPhases = (
				6D4AE7532C016A0900EFD73C /* Sources */,
				6D4AE7542C016A0900EFD73C /* Frameworks */,
				6D4AE7552C016A0900EFD73C /* Resources */,
			);
			buildRules = (
			);
			dependencies = (
				6D4AE7592C016A0900EFD73C /* PBXTargetDependency */,
			);
			name = UserInputUITests;
			productName = UserInputUITests;
			productReference = 6D4AE7572C016A0900EFD73C /* UserInputUITests.xctest */;
			productType = "com.apple.product-type.bundle.ui-testing";
		};
/* End PBXNativeTarget section */

/* Begin PBXProject section */
		6D4AE72F2C016A0700EFD73C /* Project object */ = {
			isa = PBXProject;
			attributes = {
				BuildIndependentTargetsInParallel = 1;
				LastSwiftUpdateCheck = 1420;
				LastUpgradeCheck = 1420;
				TargetAttributes = {
					6D4AE7362C016A0700EFD73C = {
						CreatedOnToolsVersion = 14.2;
					};
					6D4AE74C2C016A0900EFD73C = {
						CreatedOnToolsVersion = 14.2;
						TestTargetID = 6D4AE7362C016A0700EFD73C;
					};
					6D4AE7562C016A0900EFD73C = {
						CreatedOnToolsVersion = 14.2;
						TestTargetID = 6D4AE7362C016A0700EFD73C;
					};
				};
			};
			buildConfigurationList = 6D4AE7322C016A0700EFD73C /* Build configuration list for PBXProject "UserInput" */;
			compatibilityVersion = "Xcode 14.0";
			developmentRegion = en;
			hasScannedForEncodings = 0;
			knownRegions = (
				en,
				Base,
			);
			mainGroup = 6D4AE72E2C016A0700EFD73C;
			productRefGroup = 6D4AE7382C016A0700EFD73C /* Products */;
			projectDirPath = "";
			projectRoot = "";
			targets = (
				6D4AE7362C016A0700EFD73C /* UserInput */,
				6D4AE74C2C016A0900EFD73C /* UserInputTests */,
				6D4AE7562C016A0900EFD73C /* UserInputUITests */,
			);
		};
/* End PBXProject section */

/* Begin PBXResourcesBuildPhase section */
		6D4AE7352C016A0700EFD73C /* Resources */ = {
			isa = PBXResourcesBuildPhase;
			buildActionMask = 2147483647;
			files = (
				6D4AE7472C016A0900EFD73C /* LaunchScreen.storyboard in Resources */,
				6D4AE7442C016A0900EFD73C /* Assets.xcassets in Resources */,
				6D4AE7422C016A0700EFD73C /* Main.storyboard in Resources */,
			);
			runOnlyForDeploymentPostprocessing = 0;
		};
		6D4AE74B2C016A0900EFD73C /* Resources */ = {
			isa = PBXResourcesBuildPhase;
			buildActionMask = 2147483647;
			files = (
			);
			runOnlyForDeploymentPostprocessing = 0;
		};
		6D4AE7552C016A0900EFD73C /* Resources */ = {
			isa = PBXResourcesBuildPhase;
			buildActionMask = 2147483647;
			files = (
			);
			runOnlyForDeploymentPostprocessing = 0;
		};
/* End PBXResourcesBuildPhase section */

/* Begin PBXSourcesBuildPhase section */
		6D4AE7332C016A0700EFD73C /* Sources */ = {
			isa = PBXSourcesBuildPhase;
			buildActionMask = 2147483647;
			files = (
				6D4AE73F2C016A0700EFD73C /* ViewController.swift in Sources */,
				6D4AE73B2C016A0700EFD73C /* AppDelegate.swift in Sources */,
				6D4AE73D2C016A0700EFD73C /* SceneDelegate.swift in Sources */,
			);
			runOnlyForDeploymentPostprocessing = 0;
		};
		6D4AE7492C016A0900EFD73C /* Sources */ = {
			isa = PBXSourcesBuildPhase;
			buildActionMask = 2147483647;
			files = (
				6D4AE7522C016A0900EFD73C /* UserInputTests.swift in Sources */,
			);
			runOnlyForDeploymentPostprocessing = 0;
		};
		6D4AE7532C016A0900EFD73C /* Sources */ = {
			isa = PBXSourcesBuildPhase;
			buildActionMask = 2147483647;
			files = (
				6D4AE75E2C016A0900EFD73C /* UserInputUITestsLaunchTests.swift in Sources */,
				6D4AE75C2C016A0900EFD73C /* UserInputUITests.swift in Sources */,
			);
			runOnlyForDeploymentPostprocessing = 0;
		};
/* End PBXSourcesBuildPhase section */

/* Begin PBXTargetDependency section */
		6D4AE74F2C016A0900EFD73C /* PBXTargetDependency */ = {
			isa = PBXTargetDependency;
			target = 6D4AE7362C016A0700EFD73C /* UserInput */;
			targetProxy = 6D4AE74E2C016A0900EFD73C /* PBXContainerItemProxy */;
		};
		6D4AE7592C016A0900EFD73C /* PBXTargetDependency */ = {
			isa = PBXTargetDependency;
			target = 6D4AE7362C016A0700EFD73C /* UserInput */;
			targetProxy = 6D4AE7582C016A0900EFD73C /* PBXContainerItemProxy */;
		};
/* End PBXTargetDependency section */

/* Begin PBXVariantGroup section */
		6D4AE7402C016A0700EFD73C /* Main.storyboard */ = {
			isa = PBXVariantGroup;
			children = (
				6D4AE7412C016A0700EFD73C /* Base */,
			);
			name = Main.storyboard;
			sourceTree = "<group>";
		};
		6D4AE7452C016A0900EFD73C /* LaunchScreen.storyboard */ = {
			isa = PBXVariantGroup;
			children = (
				6D4AE7462C016A0900EFD73C /* Base */,
			);
			name = LaunchScreen.storyboard;
			sourceTree = "<group>";
		};
/* End PBXVariantGroup section */

/* Begin XCBuildConfiguration section */
		6D4AE75F2C016A0900EFD73C /* Debug */ = {
			isa = XCBuildConfiguration;
			buildSettings = {
				ALWAYS_SEARCH_USER_PATHS = NO;
				CLANG_ANALYZER_NONNULL = YES;
				CLANG_ANALYZER_NUMBER_OBJECT_CONVERSION = YES_AGGRESSIVE;
				CLANG_CXX_LANGUAGE_STANDARD = "gnu++20";
				CLANG_ENABLE_MODULES = YES;
				CLANG_ENABLE_OBJC_ARC = YES;
				CLANG_ENABLE_OBJC_WEAK = YES;
				CLANG_WARN_BLOCK_CAPTURE_AUTORELEASING = YES;
				CLANG_WARN_BOOL_CONVERSION = YES;
				CLANG_WARN_COMMA = YES;
				CLANG_WARN_CONSTANT_CONVERSION = YES;
				CLANG_WARN_DEPRECATED_OBJC_IMPLEMENTATIONS = YES;
				CLANG_WARN_DIRECT_OBJC_ISA_USAGE = YES_ERROR;
				CLANG_WARN_DOCUMENTATION_COMMENTS = YES;
				CLANG_WARN_EMPTY_BODY = YES;
				CLANG_WARN_ENUM_CONVERSION = YES;
				CLANG_WARN_INFINITE_RECURSION = YES;
				CLANG_WARN_INT_CONVERSION = YES;
				CLANG_WARN_NON_LITERAL_NULL_CONVERSION = YES;
				CLANG_WARN_OBJC_IMPLICIT_RETAIN_SELF = YES;
				CLANG_WARN_OBJC_LITERAL_CONVERSION = YES;
				CLANG_WARN_OBJC_ROOT_CLASS = YES_ERROR;
				CLANG_WARN_QUOTED_INCLUDE_IN_FRAMEWORK_HEADER = YES;
				CLANG_WARN_RANGE_LOOP_ANALYSIS = YES;
				CLANG_WARN_STRICT_PROTOTYPES = YES;
				CLANG_WARN_SUSPICIOUS_MOVE = YES;
				CLANG_WARN_UNGUARDED_AVAILABILITY = YES_AGGRESSIVE;
				CLANG_WARN_UNREACHABLE_CODE = YES;
				CLANG_WARN__DUPLICATE_METHOD_MATCH = YES;
				COPY_PHASE_STRIP = NO;
				DEBUG_INFORMATION_FORMAT = dwarf;
				ENABLE_STRICT_OBJC_MSGSEND = YES;
				ENABLE_TESTABILITY = YES;
				GCC_C_LANGUAGE_STANDARD = gnu11;
				GCC_DYNAMIC_NO_PIC = NO;
				GCC_NO_COMMON_BLOCKS = YES;
				GCC_OPTIMIZATION_LEVEL = 0;
				GCC_PREPROCESSOR_DEFINITIONS = (
					"DEBUG=1",
					"$(inherited)",
				);
				GCC_WARN_64_TO_32_BIT_CONVERSION = YES;
				GCC_WARN_ABOUT_RETURN_TYPE = YES_ERROR;
				GCC_WARN_UNDECLARED_SELECTOR = YES;
				GCC_WARN_UNINITIALIZED_AUTOS = YES_AGGRESSIVE;
				GCC_WARN_UNUSED_FUNCTION = YES;
				GCC_WARN_UNUSED_VARIABLE = YES;
				IPHONEOS_DEPLOYMENT_TARGET = 16.2;
				MTL_ENABLE_DEBUG_INFO = INCLUDE_SOURCE;
				MTL_FAST_MATH = YES;
				ONLY_ACTIVE_ARCH = YES;
				SDKROOT = iphoneos;
				SWIFT_ACTIVE_COMPILATION_CONDITIONS = DEBUG;
				SWIFT_OPTIMIZATION_LEVEL = "-Onone";
			};
			name = Debug;
		};
		6D4AE7602C016A0900EFD73C /* Release */ = {
			isa = XCBuildConfiguration;
			buildSettings = {
				ALWAYS_SEARCH_USER_PATHS = NO;
				CLANG_ANALYZER_NONNULL = YES;
				CLANG_ANALYZER_NUMBER_OBJECT_CONVERSION = YES_AGGRESSIVE;
				CLANG_CXX_LANGUAGE_STANDARD = "gnu++20";
				CLANG_ENABLE_MODULES = YES;
				CLANG_ENABLE_OBJC_ARC = YES;
				CLANG_ENABLE_OBJC_WEAK = YES;
				CLANG_WARN_BLOCK_CAPTURE_AUTORELEASING = YES;
				CLANG_WARN_BOOL_CONVERSION = YES;
				CLANG_WARN_COMMA = YES;
				CLANG_WARN_CONSTANT_CONVERSION = YES;
				CLANG_WARN_DEPRECATED_OBJC_IMPLEMENTATIONS = YES;
				CLANG_WARN_DIRECT_OBJC_ISA_USAGE = YES_ERROR;
				CLANG_WARN_DOCUMENTATION_COMMENTS = YES;
				CLANG_WARN_EMPTY_BODY = YES;
				CLANG_WARN_ENUM_CONVERSION = YES;
				CLANG_WARN_INFINITE_RECURSION = YES;
				CLANG_WARN_INT_CONVERSION = YES;
				CLANG_WARN_NON_LITERAL_NULL_CONVERSION = YES;
				CLANG_WARN_OBJC_IMPLICIT_RETAIN_SELF = YES;
				CLANG_WARN_OBJC_LITERAL_CONVERSION = YES;
				CLANG_WARN_OBJC_ROOT_CLASS = YES_ERROR;
				CLANG_WARN_QUOTED_INCLUDE_IN_FRAMEWORK_HEADER = YES;
				CLANG_WARN_RANGE_LOOP_ANALYSIS = YES;
				CLANG_WARN_STRICT_PROTOTYPES = YES;
				CLANG_WARN_SUSPICIOUS_MOVE = YES;
				CLANG_WARN_UNGUARDED_AVAILABILITY = YES_AGGRESSIVE;
				CLANG_WARN_UNREACHABLE_CODE = YES;
				CLANG_WARN__DUPLICATE_METHOD_MATCH = YES;
				COPY_PHASE_STRIP = NO;
				DEBUG_INFORMATION_FORMAT = "dwarf-with-dsym";
				ENABLE_NS_ASSERTIONS = NO;
				ENABLE_STRICT_OBJC_MSGSEND = YES;
				GCC_C_LANGUAGE_STANDARD = gnu11;
				GCC_NO_COMMON_BLOCKS = YES;
				GCC_WARN_64_TO_32_BIT_CONVERSION = YES;
				GCC_WARN_ABOUT_RETURN_TYPE = YES_ERROR;
				GCC_WARN_UNDECLARED_SELECTOR = YES;
				GCC_WARN_UNINITIALIZED_AUTOS = YES_AGGRESSIVE;
				GCC_WARN_UNUSED_FUNCTION = YES;
				GCC_WARN_UNUSED_VARIABLE = YES;
				IPHONEOS_DEPLOYMENT_TARGET = 16.2;
				MTL_ENABLE_DEBUG_INFO = NO;
				MTL_FAST_MATH = YES;
				SDKROOT = iphoneos;
				SWIFT_COMPILATION_MODE = wholemodule;
				SWIFT_OPTIMIZATION_LEVEL = "-O";
				VALIDATE_PRODUCT = YES;
			};
			name = Release;
		};
		6D4AE7622C016A0900EFD73C /* Debug */ = {
			isa = XCBuildConfiguration;
			buildSettings = {
				ASSETCATALOG_COMPILER_APPICON_NAME = AppIcon;
				ASSETCATALOG_COMPILER_GLOBAL_ACCENT_COLOR_NAME = AccentColor;
				CODE_SIGN_STYLE = Automatic;
				CURRENT_PROJECT_VERSION = 1;
				GENERATE_INFOPLIST_FILE = YES;
				INFOPLIST_FILE = UserInput/Info.plist;
				INFOPLIST_KEY_UIApplicationSupportsIndirectInputEvents = YES;
				INFOPLIST_KEY_UILaunchStoryboardName = LaunchScreen;
				INFOPLIST_KEY_UIMainStoryboardFile = Main;
				INFOPLIST_KEY_UISupportedInterfaceOrientations_iPad = "UIInterfaceOrientationPortrait UIInterfaceOrientationPortraitUpsideDown UIInterfaceOrientationLandscapeLeft UIInterfaceOrientationLandscapeRight";
				INFOPLIST_KEY_UISupportedInterfaceOrientations_iPhone = "UIInterfaceOrientationPortrait UIInterfaceOrientationLandscapeLeft UIInterfaceOrientationLandscapeRight";
				LD_RUNPATH_SEARCH_PATHS = (
					"$(inherited)",
					"@executable_path/Frameworks",
				);
				MARKETING_VERSION = 1.0;
				PRODUCT_BUNDLE_IDENTIFIER = ios.UserInput;
				PRODUCT_NAME = "$(TARGET_NAME)";
				SWIFT_EMIT_LOC_STRINGS = YES;
				SWIFT_VERSION = 5.0;
				TARGETED_DEVICE_FAMILY = "1,2";
			};
			name = Debug;
		};
		6D4AE7632C016A0900EFD73C /* Release */ = {
			isa = XCBuildConfiguration;
			buildSettings = {
				ASSETCATALOG_COMPILER_APPICON_NAME = AppIcon;
				ASSETCATALOG_COMPILER_GLOBAL_ACCENT_COLOR_NAME = AccentColor;
				CODE_SIGN_STYLE = Automatic;
				CURRENT_PROJECT_VERSION = 1;
				GENERATE_INFOPLIST_FILE = YES;
				INFOPLIST_FILE = UserInput/Info.plist;
				INFOPLIST_KEY_UIApplicationSupportsIndirectInputEvents = YES;
				INFOPLIST_KEY_UILaunchStoryboardName = LaunchScreen;
				INFOPLIST_KEY_UIMainStoryboardFile = Main;
				INFOPLIST_KEY_UISupportedInterfaceOrientations_iPad = "UIInterfaceOrientationPortrait UIInterfaceOrientationPortraitUpsideDown UIInterfaceOrientationLandscapeLeft UIInterfaceOrientationLandscapeRight";
				INFOPLIST_KEY_UISupportedInterfaceOrientations_iPhone = "UIInterfaceOrientationPortrait UIInterfaceOrientationLandscapeLeft UIInterfaceOrientationLandscapeRight";
				LD_RUNPATH_SEARCH_PATHS = (
					"$(inherited)",
					"@executable_path/Frameworks",
				);
				MARKETING_VERSION = 1.0;
				PRODUCT_BUNDLE_IDENTIFIER = ios.UserInput;
				PRODUCT_NAME = "$(TARGET_NAME)";
				SWIFT_EMIT_LOC_STRINGS = YES;
				SWIFT_VERSION = 5.0;
				TARGETED_DEVICE_FAMILY = "1,2";
			};
			name = Release;
		};
		6D4AE7652C016A0900EFD73C /* Debug */ = {
			isa = XCBuildConfiguration;
			buildSettings = {
				ALWAYS_EMBED_SWIFT_STANDARD_LIBRARIES = YES;
				BUNDLE_LOADER = "$(TEST_HOST)";
				CODE_SIGN_STYLE = Automatic;
				CURRENT_PROJECT_VERSION = 1;
				GENERATE_INFOPLIST_FILE = YES;
				IPHONEOS_DEPLOYMENT_TARGET = 16.2;
				MARKETING_VERSION = 1.0;
				PRODUCT_BUNDLE_IDENTIFIER = ios.UserInputTests;
				PRODUCT_NAME = "$(TARGET_NAME)";
				SWIFT_EMIT_LOC_STRINGS = NO;
				SWIFT_VERSION = 5.0;
				TARGETED_DEVICE_FAMILY = "1,2";
				TEST_HOST = "$(BUILT_PRODUCTS_DIR)/UserInput.app/$(BUNDLE_EXECUTABLE_FOLDER_PATH)/UserInput";
			};
			name = Debug;
		};
		6D4AE7662C016A0900EFD73C /* Release */ = {
			isa = XCBuildConfiguration;
			buildSettings = {
				ALWAYS_EMBED_SWIFT_STANDARD_LIBRARIES = YES;
				BUNDLE_LOADER = "$(TEST_HOST)";
				CODE_SIGN_STYLE = Automatic;
				CURRENT_PROJECT_VERSION = 1;
				GENERATE_INFOPLIST_FILE = YES;
				IPHONEOS_DEPLOYMENT_TARGET = 16.2;
				MARKETING_VERSION = 1.0;
				PRODUCT_BUNDLE_IDENTIFIER = ios.UserInputTests;
				PRODUCT_NAME = "$(TARGET_NAME)";
				SWIFT_EMIT_LOC_STRINGS = NO;
				SWIFT_VERSION = 5.0;
				TARGETED_DEVICE_FAMILY = "1,2";
				TEST_HOST = "$(BUILT_PRODUCTS_DIR)/UserInput.app/$(BUNDLE_EXECUTABLE_FOLDER_PATH)/UserInput";
			};
			name = Release;
		};
		6D4AE7682C016A0900EFD73C /* Debug */ = {
			isa = XCBuildConfiguration;
			buildSettings = {
				ALWAYS_EMBED_SWIFT_STANDARD_LIBRARIES = YES;
				CODE_SIGN_STYLE = Automatic;
				CURRENT_PROJECT_VERSION = 1;
				GENERATE_INFOPLIST_FILE = YES;
				MARKETING_VERSION = 1.0;
				PRODUCT_BUNDLE_IDENTIFIER = ios.UserInputUITests;
				PRODUCT_NAME = "$(TARGET_NAME)";
				SWIFT_EMIT_LOC_STRINGS = NO;
				SWIFT_VERSION = 5.0;
				TARGETED_DEVICE_FAMILY = "1,2";
				TEST_TARGET_NAME = UserInput;
			};
			name = Debug;
		};
		6D4AE7692C016A0900EFD73C /* Release */ = {
			isa = XCBuildConfiguration;
			buildSettings = {
				ALWAYS_EMBED_SWIFT_STANDARD_LIBRARIES = YES;
				CODE_SIGN_STYLE = Automatic;
				CURRENT_PROJECT_VERSION = 1;
				GENERATE_INFOPLIST_FILE = YES;
				MARKETING_VERSION = 1.0;
				PRODUCT_BUNDLE_IDENTIFIER = ios.UserInputUITests;
				PRODUCT_NAME = "$(TARGET_NAME)";
				SWIFT_EMIT_LOC_STRINGS = NO;
				SWIFT_VERSION = 5.0;
				TARGETED_DEVICE_FAMILY = "1,2";
				TEST_TARGET_NAME = UserInput;
			};
			name = Release;
		};
/* End XCBuildConfiguration section */

/* Begin XCConfigurationList section */
		6D4AE7322C016A0700EFD73C /* Build configuration list for PBXProject "UserInput" */ = {
			isa = XCConfigurationList;
			buildConfigurations = (
				6D4AE75F2C016A0900EFD73C /* Debug */,
				6D4AE7602C016A0900EFD73C /* Release */,
			);
			defaultConfigurationIsVisible = 0;
			defaultConfigurationName = Release;
		};
		6D4AE7612C016A0900EFD73C /* Build configuration list for PBXNativeTarget "UserInput" */ = {
			isa = XCConfigurationList;
			buildConfigurations = (
				6D4AE7622C016A0900EFD73C /* Debug */,
				6D4AE7632C016A0900EFD73C /* Release */,
			);
			defaultConfigurationIsVisible = 0;
			defaultConfigurationName = Release;
		};
		6D4AE7642C016A0900EFD73C /* Build configuration list for PBXNativeTarget "UserInputTests" */ = {
			isa = XCConfigurationList;
			buildConfigurations = (
				6D4AE7652C016A0900EFD73C /* Debug */,
				6D4AE7662C016A0900EFD73C /* Release */,
			);
			defaultConfigurationIsVisible = 0;
			defaultConfigurationName = Release;
		};
		6D4AE7672C016A0900EFD73C /* Build configuration list for PBXNativeTarget "UserInputUITests" */ = {
			isa = XCConfigurationList;
			buildConfigurations = (
				6D4AE7682C016A0900EFD73C /* Debug */,
				6D4AE7692C016A0900EFD73C /* Release */,
			);
			defaultConfigurationIsVisible = 0;
			defaultConfigurationName = Release;
		};
/* End XCConfigurationList section */
	};
	rootObject = 6D4AE72F2C016A0700EFD73C /* Project object */;
}
